
Microsoft Visual Studio Solution File, Format Version 12.00
# Visual Studio Version 16
VisualStudioVersion = 16.0.34601.136
MinimumVisualStudioVersion = 10.0.40219.1
Project("{F184B08F-C81C-45F6-A57F-5ABD9991F28F}") = "PAPELERIA 2.0", "PAPELERIA 2.0\PAPELERIA 2.0.vbproj", "{733CC062-42BF-48B7-BE43-687F58C71132}"
EndProject
Global
	GlobalSection(SolutionConfigurationPlatforms) = preSolution
		Debug|Any CPU = Debug|Any CPU
		Release|Any CPU = Release|Any CPU
	EndGlobalSection
	GlobalSection(ProjectConfigurationPlatforms) = postSolution
		{733CC062-42BF-48B7-BE43-687F58C71132}.Debug|Any CPU.ActiveCfg = Debug|Any CPU
		{733CC062-42BF-48B7-BE43-687F58C71132}.Debug|Any CPU.Build.0 = Debug|Any CPU
		{733CC062-42BF-48B7-BE43-687F58C71132}.Release|Any CPU.ActiveCfg = Release|Any CPU
		{733CC062-42BF-48B7-BE43-687F58C71132}.Release|Any CPU.Build.0 = Release|Any CPU
	EndGlobalSection
	GlobalSection(SolutionProperties) = preSolution
		HideSolutionNode = FALSE
	EndGlobalSection
	GlobalSection(ExtensibilityGlobals) = postSolution
		SolutionGuid = {99B71367-6744-446F-93DB-B98A70E66CFB}
	EndGlobalSection
EndGlobal
